
Microsoft Visual Studio Solution File, Format Version 12.00
# Visual Studio Version 16
VisualStudioVersion = 16.0.30611.23
MinimumVisualStudioVersion = 10.0.40219.1
Project("{FAE04EC0-301F-11D3-BF4B-00C04F79EFBC}") = "dz6.1", "dz6.1.csproj", "{28A0D653-AFCA-4907-A0ED-805B75504FC9}"
EndProject
Global
	GlobalSection(SolutionConfigurationPlatforms) = preSolution
		Debug|Any CPU = Debug|Any CPU
		Release|Any CPU = Release|Any CPU
	EndGlobalSection
	GlobalSection(ProjectConfigurationPlatforms) = postSolution
		{28A0D653-AFCA-4907-A0ED-805B75504FC9}.Debug|Any CPU.ActiveCfg = Debug|Any CPU
		{28A0D653-AFCA-4907-A0ED-805B75504FC9}.Debug|Any CPU.Build.0 = Debug|Any CPU
		{28A0D653-AFCA-4907-A0ED-805B75504FC9}.Release|Any CPU.ActiveCfg = Release|Any CPU
		{28A0D653-AFCA-4907-A0ED-805B75504FC9}.Release|Any CPU.Build.0 = Release|Any CPU
	EndGlobalSection
	GlobalSection(SolutionProperties) = preSolution
		HideSolutionNode = FALSE
	EndGlobalSection
	GlobalSection(ExtensibilityGlobals) = postSolution
		SolutionGuid = {4193343F-13C4-4F9F-BC02-A40486A0552C}
	EndGlobalSection
EndGlobal
