
Microsoft Visual Studio Solution File, Format Version 12.00
# Visual Studio Version 16
VisualStudioVersion = 16.0.30413.136
MinimumVisualStudioVersion = 10.0.40219.1
Project("{FAE04EC0-301F-11D3-BF4B-00C04F79EFBC}") = "task5", "task5.csproj", "{A9877CF3-E617-4CAB-BA02-2945784A47D9}"
EndProject
Global
	GlobalSection(SolutionConfigurationPlatforms) = preSolution
		Debug|Any CPU = Debug|Any CPU
		Release|Any CPU = Release|Any CPU
	EndGlobalSection
	GlobalSection(ProjectConfigurationPlatforms) = postSolution
		{A9877CF3-E617-4CAB-BA02-2945784A47D9}.Debug|Any CPU.ActiveCfg = Debug|Any CPU
		{A9877CF3-E617-4CAB-BA02-2945784A47D9}.Debug|Any CPU.Build.0 = Debug|Any CPU
		{A9877CF3-E617-4CAB-BA02-2945784A47D9}.Release|Any CPU.ActiveCfg = Release|Any CPU
		{A9877CF3-E617-4CAB-BA02-2945784A47D9}.Release|Any CPU.Build.0 = Release|Any CPU
	EndGlobalSection
	GlobalSection(SolutionProperties) = preSolution
		HideSolutionNode = FALSE
	EndGlobalSection
	GlobalSection(ExtensibilityGlobals) = postSolution
		SolutionGuid = {7A172C27-FEFC-41BE-BF5B-11AF5252BD55}
	EndGlobalSection
EndGlobal
